# This file is automatically @generated by Cargo.
# It is not intended for manual editing.
version = 4

[[package]]
name = "cli_text_analyzer"
version = "0.1.0"

[[package]]
name = "day01_hello"
version = "0.1.0"

[[package]]
name = "day02_ownership"
version = "0.1.0"

[[package]]
name = "day03_shadow"
version = "0.1.0"

[[package]]
name = "day04_functions"
version = "0.1.0"

[[package]]
name = "day05_structs"
version = "0.1.0"

[[package]]
name = "day06_enum_match"
version = "0.1.0"

[[package]]
name = "day07_collections"
version = "0.1.0"

[[package]]
name = "day08_error"
version = "0.1.0"

[[package]]
name = "day09_modules"
version = "0.1.0"
dependencies = [
 "mathlib",
]

[[package]]
name = "day10_io"
version = "0.1.0"

[[package]]
name = "mathlib"
version = "0.1.0"
